
Microsoft Visual Studio Solution File, Format Version 12.00
# Visual Studio Version 16
VisualStudioVersion = 16.0.31313.79
MinimumVisualStudioVersion = 10.0.40219.1
Project("{9A19103F-16F7-4668-BE54-9A1E7A4F7556}") = "AlgoExpertSolution", "AlgoExpertSolution\AlgoExpertSolution.csproj", "{604FC0F2-4AED-47BE-9E4E-A0A1F85E1DED}"
EndProject
Project("{9A19103F-16F7-4668-BE54-9A1E7A4F7556}") = "DynamicProgramming", "DynamicProgramming\DynamicProgramming.csproj", "{42DD28C2-57F3-4B6B-A173-585ED0A69B66}"
EndProject
Project("{9A19103F-16F7-4668-BE54-9A1E7A4F7556}") = "Stack", "Stack\Stack.csproj", "{91F99826-4D9F-4CF8-A32D-DC563395000C}"
EndProject
Project("{9A19103F-16F7-4668-BE54-9A1E7A4F7556}") = "LinkedList", "LinkedList\LinkedList.csproj", "{B98ABD8E-670F-4311-98F7-11A1392A64E2}"
EndProject
Project("{FAE04EC0-301F-11D3-BF4B-00C04F79EFBC}") = "Tests", "Tests\Tests.csproj", "{FC6C0628-5B64-4CA6-8800-63EEC642A460}"
EndProject
Global
	GlobalSection(SolutionConfigurationPlatforms) = preSolution
		Debug|Any CPU = Debug|Any CPU
		Release|Any CPU = Release|Any CPU
	EndGlobalSection
	GlobalSection(ProjectConfigurationPlatforms) = postSolution
		{604FC0F2-4AED-47BE-9E4E-A0A1F85E1DED}.Debug|Any CPU.ActiveCfg = Debug|Any CPU
		{604FC0F2-4AED-47BE-9E4E-A0A1F85E1DED}.Debug|Any CPU.Build.0 = Debug|Any CPU
		{604FC0F2-4AED-47BE-9E4E-A0A1F85E1DED}.Release|Any CPU.ActiveCfg = Release|Any CPU
		{604FC0F2-4AED-47BE-9E4E-A0A1F85E1DED}.Release|Any CPU.Build.0 = Release|Any CPU
		{42DD28C2-57F3-4B6B-A173-585ED0A69B66}.Debug|Any CPU.ActiveCfg = Debug|Any CPU
		{42DD28C2-57F3-4B6B-A173-585ED0A69B66}.Debug|Any CPU.Build.0 = Debug|Any CPU
		{42DD28C2-57F3-4B6B-A173-585ED0A69B66}.Release|Any CPU.ActiveCfg = Release|Any CPU
		{42DD28C2-57F3-4B6B-A173-585ED0A69B66}.Release|Any CPU.Build.0 = Release|Any CPU
		{91F99826-4D9F-4CF8-A32D-DC563395000C}.Debug|Any CPU.ActiveCfg = Debug|Any CPU
		{91F99826-4D9F-4CF8-A32D-DC563395000C}.Debug|Any CPU.Build.0 = Debug|Any CPU
		{91F99826-4D9F-4CF8-A32D-DC563395000C}.Release|Any CPU.ActiveCfg = Release|Any CPU
		{91F99826-4D9F-4CF8-A32D-DC563395000C}.Release|Any CPU.Build.0 = Release|Any CPU
		{B98ABD8E-670F-4311-98F7-11A1392A64E2}.Debug|Any CPU.ActiveCfg = Debug|Any CPU
		{B98ABD8E-670F-4311-98F7-11A1392A64E2}.Debug|Any CPU.Build.0 = Debug|Any CPU
		{B98ABD8E-670F-4311-98F7-11A1392A64E2}.Release|Any CPU.ActiveCfg = Release|Any CPU
		{B98ABD8E-670F-4311-98F7-11A1392A64E2}.Release|Any CPU.Build.0 = Release|Any CPU
		{FC6C0628-5B64-4CA6-8800-63EEC642A460}.Debug|Any CPU.ActiveCfg = Debug|Any CPU
		{FC6C0628-5B64-4CA6-8800-63EEC642A460}.Debug|Any CPU.Build.0 = Debug|Any CPU
		{FC6C0628-5B64-4CA6-8800-63EEC642A460}.Release|Any CPU.ActiveCfg = Release|Any CPU
		{FC6C0628-5B64-4CA6-8800-63EEC642A460}.Release|Any CPU.Build.0 = Release|Any CPU
	EndGlobalSection
	GlobalSection(SolutionProperties) = preSolution
		HideSolutionNode = FALSE
	EndGlobalSection
	GlobalSection(ExtensibilityGlobals) = postSolution
		SolutionGuid = {A276F149-3F1E-4FE8-A374-AB9CABAC9B39}
	EndGlobalSection
EndGlobal
